
Microsoft Visual Studio Solution File, Format Version 12.00
# Visual Studio Version 17
VisualStudioVersion = 17.0.31903.59
MinimumVisualStudioVersion = 10.0.40219.1
Project("{FAE04EC0-301F-11D3-BF4B-00C04F79EFBC}") = "SmoothOperator", "SmoothOperator\SmoothOperator.csproj", "{7755AF49-3416-4737-81EF-F9BBEF648EF4}"
EndProject
Project("{FAE04EC0-301F-11D3-BF4B-00C04F79EFBC}") = "VariousOperators", "VariousOperators\VariousOperators.csproj", "{44C38E02-A9FD-4B10-A2D0-BC2F4E7DBD58}"
EndProject
Project("{FAE04EC0-301F-11D3-BF4B-00C04F79EFBC}") = "Cilindro", "Cilindro\Cilindro.csproj", "{83E6FA43-6150-40FE-B182-A6F6D0F580A9}"
EndProject
Project("{FAE04EC0-301F-11D3-BF4B-00C04F79EFBC}") = "ValoresEspeciais", "ValoresEspeciais\ValoresEspeciais.csproj", "{AE3381C2-CC62-4652-BA32-39D5EC0756FB}"
EndProject
Global
	GlobalSection(SolutionConfigurationPlatforms) = preSolution
		Debug|Any CPU = Debug|Any CPU
		Release|Any CPU = Release|Any CPU
	EndGlobalSection
	GlobalSection(SolutionProperties) = preSolution
		HideSolutionNode = FALSE
	EndGlobalSection
	GlobalSection(ProjectConfigurationPlatforms) = postSolution
		{7755AF49-3416-4737-81EF-F9BBEF648EF4}.Debug|Any CPU.ActiveCfg = Debug|Any CPU
		{7755AF49-3416-4737-81EF-F9BBEF648EF4}.Debug|Any CPU.Build.0 = Debug|Any CPU
		{7755AF49-3416-4737-81EF-F9BBEF648EF4}.Release|Any CPU.ActiveCfg = Release|Any CPU
		{7755AF49-3416-4737-81EF-F9BBEF648EF4}.Release|Any CPU.Build.0 = Release|Any CPU
		{44C38E02-A9FD-4B10-A2D0-BC2F4E7DBD58}.Debug|Any CPU.ActiveCfg = Debug|Any CPU
		{44C38E02-A9FD-4B10-A2D0-BC2F4E7DBD58}.Debug|Any CPU.Build.0 = Debug|Any CPU
		{44C38E02-A9FD-4B10-A2D0-BC2F4E7DBD58}.Release|Any CPU.ActiveCfg = Release|Any CPU
		{44C38E02-A9FD-4B10-A2D0-BC2F4E7DBD58}.Release|Any CPU.Build.0 = Release|Any CPU
		{83E6FA43-6150-40FE-B182-A6F6D0F580A9}.Debug|Any CPU.ActiveCfg = Debug|Any CPU
		{83E6FA43-6150-40FE-B182-A6F6D0F580A9}.Debug|Any CPU.Build.0 = Debug|Any CPU
		{83E6FA43-6150-40FE-B182-A6F6D0F580A9}.Release|Any CPU.ActiveCfg = Release|Any CPU
		{83E6FA43-6150-40FE-B182-A6F6D0F580A9}.Release|Any CPU.Build.0 = Release|Any CPU
		{AE3381C2-CC62-4652-BA32-39D5EC0756FB}.Debug|Any CPU.ActiveCfg = Debug|Any CPU
		{AE3381C2-CC62-4652-BA32-39D5EC0756FB}.Debug|Any CPU.Build.0 = Debug|Any CPU
		{AE3381C2-CC62-4652-BA32-39D5EC0756FB}.Release|Any CPU.ActiveCfg = Release|Any CPU
		{AE3381C2-CC62-4652-BA32-39D5EC0756FB}.Release|Any CPU.Build.0 = Release|Any CPU
	EndGlobalSection
EndGlobal
